
Microsoft Visual Studio Solution File, Format Version 12.00
# Visual Studio Version 17
VisualStudioVersion = 17.9.34728.123
MinimumVisualStudioVersion = 10.0.40219.1
Project("{FAE04EC0-301F-11D3-BF4B-00C04F79EFBC}") = "TPC-Equipo-4A", "TPC-Equipo-4A\TPC-Equipo-4A.csproj", "{666F6C7B-0924-47D1-BD00-BA9BD17DCD02}"
EndProject
Project("{FAE04EC0-301F-11D3-BF4B-00C04F79EFBC}") = "Dominio", "Dominio\Dominio.csproj", "{AD76D0A1-6044-40E7-9A01-55088A4E647C}"
EndProject
Project("{FAE04EC0-301F-11D3-BF4B-00C04F79EFBC}") = "Negocio", "Negocio\Negocio.csproj", "{E3EA277C-4B9D-4BD3-8BD3-7EF437CD5DD6}"
EndProject
Global
	GlobalSection(SolutionConfigurationPlatforms) = preSolution
		Debug|Any CPU = Debug|Any CPU
		Release|Any CPU = Release|Any CPU
	EndGlobalSection
	GlobalSection(ProjectConfigurationPlatforms) = postSolution
		{666F6C7B-0924-47D1-BD00-BA9BD17DCD02}.Debug|Any CPU.ActiveCfg = Debug|Any CPU
		{666F6C7B-0924-47D1-BD00-BA9BD17DCD02}.Debug|Any CPU.Build.0 = Debug|Any CPU
		{666F6C7B-0924-47D1-BD00-BA9BD17DCD02}.Release|Any CPU.ActiveCfg = Release|Any CPU
		{666F6C7B-0924-47D1-BD00-BA9BD17DCD02}.Release|Any CPU.Build.0 = Release|Any CPU
		{AD76D0A1-6044-40E7-9A01-55088A4E647C}.Debug|Any CPU.ActiveCfg = Debug|Any CPU
		{AD76D0A1-6044-40E7-9A01-55088A4E647C}.Debug|Any CPU.Build.0 = Debug|Any CPU
		{AD76D0A1-6044-40E7-9A01-55088A4E647C}.Release|Any CPU.ActiveCfg = Release|Any CPU
		{AD76D0A1-6044-40E7-9A01-55088A4E647C}.Release|Any CPU.Build.0 = Release|Any CPU
		{E3EA277C-4B9D-4BD3-8BD3-7EF437CD5DD6}.Debug|Any CPU.ActiveCfg = Debug|Any CPU
		{E3EA277C-4B9D-4BD3-8BD3-7EF437CD5DD6}.Debug|Any CPU.Build.0 = Debug|Any CPU
		{E3EA277C-4B9D-4BD3-8BD3-7EF437CD5DD6}.Release|Any CPU.ActiveCfg = Release|Any CPU
		{E3EA277C-4B9D-4BD3-8BD3-7EF437CD5DD6}.Release|Any CPU.Build.0 = Release|Any CPU
	EndGlobalSection
	GlobalSection(SolutionProperties) = preSolution
		HideSolutionNode = FALSE
	EndGlobalSection
	GlobalSection(ExtensibilityGlobals) = postSolution
		SolutionGuid = {A0931AB1-2396-426A-810D-2872E8B25517}
	EndGlobalSection
EndGlobal
